
Microsoft Visual Studio Solution File, Format Version 12.00
# Visual Studio 15
VisualStudioVersion = 15.0.27703.2042
MinimumVisualStudioVersion = 10.0.40219.1
Project("{FAE04EC0-301F-11D3-BF4B-00C04F79EFBC}") = "Viva.Estetica.Dominio", "Viva.Estetica.Dominio\Viva.Estetica.Dominio.csproj", "{9887022B-15BA-44CE-A560-E26F9B3EF830}"
EndProject
Project("{FAE04EC0-301F-11D3-BF4B-00C04F79EFBC}") = "Viva.Estetica.InfraEstrutura", "Viva.Estetica.InfraEstrutura\Viva.Estetica.InfraEstrutura.csproj", "{8EDE673A-46C0-4FA3-ACD8-0B7AF85BF5A2}"
EndProject
Project("{FAE04EC0-301F-11D3-BF4B-00C04F79EFBC}") = "Viva.Estetica.Web", "Viva.Estetica.Web\Viva.Estetica.Web.csproj", "{8762D88C-BF3A-45E9-B016-E0CC558A15D4}"
EndProject
Global
	GlobalSection(SolutionConfigurationPlatforms) = preSolution
		Debug|Any CPU = Debug|Any CPU
		Release|Any CPU = Release|Any CPU
	EndGlobalSection
	GlobalSection(ProjectConfigurationPlatforms) = postSolution
		{9887022B-15BA-44CE-A560-E26F9B3EF830}.Debug|Any CPU.ActiveCfg = Debug|Any CPU
		{9887022B-15BA-44CE-A560-E26F9B3EF830}.Debug|Any CPU.Build.0 = Debug|Any CPU
		{9887022B-15BA-44CE-A560-E26F9B3EF830}.Release|Any CPU.ActiveCfg = Release|Any CPU
		{9887022B-15BA-44CE-A560-E26F9B3EF830}.Release|Any CPU.Build.0 = Release|Any CPU
		{8EDE673A-46C0-4FA3-ACD8-0B7AF85BF5A2}.Debug|Any CPU.ActiveCfg = Debug|Any CPU
		{8EDE673A-46C0-4FA3-ACD8-0B7AF85BF5A2}.Debug|Any CPU.Build.0 = Debug|Any CPU
		{8EDE673A-46C0-4FA3-ACD8-0B7AF85BF5A2}.Release|Any CPU.ActiveCfg = Release|Any CPU
		{8EDE673A-46C0-4FA3-ACD8-0B7AF85BF5A2}.Release|Any CPU.Build.0 = Release|Any CPU
		{8762D88C-BF3A-45E9-B016-E0CC558A15D4}.Debug|Any CPU.ActiveCfg = Debug|Any CPU
		{8762D88C-BF3A-45E9-B016-E0CC558A15D4}.Debug|Any CPU.Build.0 = Debug|Any CPU
		{8762D88C-BF3A-45E9-B016-E0CC558A15D4}.Release|Any CPU.ActiveCfg = Release|Any CPU
		{8762D88C-BF3A-45E9-B016-E0CC558A15D4}.Release|Any CPU.Build.0 = Release|Any CPU
	EndGlobalSection
	GlobalSection(SolutionProperties) = preSolution
		HideSolutionNode = FALSE
	EndGlobalSection
	GlobalSection(ExtensibilityGlobals) = postSolution
		SolutionGuid = {42D9F698-A0FE-4E19-A305-183C706CF415}
	EndGlobalSection
EndGlobal
